
Microsoft Visual Studio Solution File, Format Version 12.00
# Visual Studio Version 17
VisualStudioVersion = 17.5.002.0
MinimumVisualStudioVersion = 10.0.40219.1
Project("{9A19103F-16F7-4668-BE54-9A1E7A4F7556}") = "removeDuplicatesFromSortedArray", "removeDuplicatesFromSortedArray.csproj", "{626C9DC8-D2E3-4076-AF24-B09297E27637}"
EndProject
Global
	GlobalSection(SolutionConfigurationPlatforms) = preSolution
		Debug|Any CPU = Debug|Any CPU
		Release|Any CPU = Release|Any CPU
	EndGlobalSection
	GlobalSection(ProjectConfigurationPlatforms) = postSolution
		{626C9DC8-D2E3-4076-AF24-B09297E27637}.Debug|Any CPU.ActiveCfg = Debug|Any CPU
		{626C9DC8-D2E3-4076-AF24-B09297E27637}.Debug|Any CPU.Build.0 = Debug|Any CPU
		{626C9DC8-D2E3-4076-AF24-B09297E27637}.Release|Any CPU.ActiveCfg = Release|Any CPU
		{626C9DC8-D2E3-4076-AF24-B09297E27637}.Release|Any CPU.Build.0 = Release|Any CPU
	EndGlobalSection
	GlobalSection(SolutionProperties) = preSolution
		HideSolutionNode = FALSE
	EndGlobalSection
	GlobalSection(ExtensibilityGlobals) = postSolution
		SolutionGuid = {A53F63BA-6DF9-4CF7-9436-0B1E5E017A9D}
	EndGlobalSection
EndGlobal
