
Microsoft Visual Studio Solution File, Format Version 12.00
# Visual Studio Version 17
VisualStudioVersion = 17.5.002.0
MinimumVisualStudioVersion = 10.0.40219.1
Project("{9A19103F-16F7-4668-BE54-9A1E7A4F7556}") = "containsWithMostWater", "containsWithMostWater.csproj", "{C3F95002-AFC5-499E-9102-C3BBFC1A2FF1}"
EndProject
Global
	GlobalSection(SolutionConfigurationPlatforms) = preSolution
		Debug|Any CPU = Debug|Any CPU
		Release|Any CPU = Release|Any CPU
	EndGlobalSection
	GlobalSection(ProjectConfigurationPlatforms) = postSolution
		{C3F95002-AFC5-499E-9102-C3BBFC1A2FF1}.Debug|Any CPU.ActiveCfg = Debug|Any CPU
		{C3F95002-AFC5-499E-9102-C3BBFC1A2FF1}.Debug|Any CPU.Build.0 = Debug|Any CPU
		{C3F95002-AFC5-499E-9102-C3BBFC1A2FF1}.Release|Any CPU.ActiveCfg = Release|Any CPU
		{C3F95002-AFC5-499E-9102-C3BBFC1A2FF1}.Release|Any CPU.Build.0 = Release|Any CPU
	EndGlobalSection
	GlobalSection(SolutionProperties) = preSolution
		HideSolutionNode = FALSE
	EndGlobalSection
	GlobalSection(ExtensibilityGlobals) = postSolution
		SolutionGuid = {02A22CE3-F592-4165-9EF1-BFCEEF214B85}
	EndGlobalSection
EndGlobal
