
Microsoft Visual Studio Solution File, Format Version 12.00
# Visual Studio Version 17
VisualStudioVersion = 17.5.002.0
MinimumVisualStudioVersion = 10.0.40219.1
Project("{9A19103F-16F7-4668-BE54-9A1E7A4F7556}") = "test", "test\test.csproj", "{96437401-6270-4B43-A86F-9EFFB1701540}"
EndProject
Global
	GlobalSection(SolutionConfigurationPlatforms) = preSolution
		Debug|Any CPU = Debug|Any CPU
		Release|Any CPU = Release|Any CPU
	EndGlobalSection
	GlobalSection(ProjectConfigurationPlatforms) = postSolution
		{96437401-6270-4B43-A86F-9EFFB1701540}.Debug|Any CPU.ActiveCfg = Debug|Any CPU
		{96437401-6270-4B43-A86F-9EFFB1701540}.Debug|Any CPU.Build.0 = Debug|Any CPU
		{96437401-6270-4B43-A86F-9EFFB1701540}.Release|Any CPU.ActiveCfg = Release|Any CPU
		{96437401-6270-4B43-A86F-9EFFB1701540}.Release|Any CPU.Build.0 = Release|Any CPU
	EndGlobalSection
	GlobalSection(SolutionProperties) = preSolution
		HideSolutionNode = FALSE
	EndGlobalSection
	GlobalSection(ExtensibilityGlobals) = postSolution
		SolutionGuid = {9049D3EA-8606-42A6-9B3D-CE3641CED4DC}
	EndGlobalSection
EndGlobal
