
Microsoft Visual Studio Solution File, Format Version 12.00
# Visual Studio Version 17
VisualStudioVersion = 17.5.002.0
MinimumVisualStudioVersion = 10.0.40219.1
Project("{9A19103F-16F7-4668-BE54-9A1E7A4F7556}") = "removeElements", "removeElements.csproj", "{0B5AAB21-69CB-45FA-9278-8AD873A557F7}"
EndProject
Global
	GlobalSection(SolutionConfigurationPlatforms) = preSolution
		Debug|Any CPU = Debug|Any CPU
		Release|Any CPU = Release|Any CPU
	EndGlobalSection
	GlobalSection(ProjectConfigurationPlatforms) = postSolution
		{0B5AAB21-69CB-45FA-9278-8AD873A557F7}.Debug|Any CPU.ActiveCfg = Debug|Any CPU
		{0B5AAB21-69CB-45FA-9278-8AD873A557F7}.Debug|Any CPU.Build.0 = Debug|Any CPU
		{0B5AAB21-69CB-45FA-9278-8AD873A557F7}.Release|Any CPU.ActiveCfg = Release|Any CPU
		{0B5AAB21-69CB-45FA-9278-8AD873A557F7}.Release|Any CPU.Build.0 = Release|Any CPU
	EndGlobalSection
	GlobalSection(SolutionProperties) = preSolution
		HideSolutionNode = FALSE
	EndGlobalSection
	GlobalSection(ExtensibilityGlobals) = postSolution
		SolutionGuid = {40534357-BFC5-4B0E-8208-020C19CFE28E}
	EndGlobalSection
EndGlobal
