
Microsoft Visual Studio Solution File, Format Version 12.00
# Visual Studio Version 17
VisualStudioVersion = 17.5.002.0
MinimumVisualStudioVersion = 10.0.40219.1
Project("{9A19103F-16F7-4668-BE54-9A1E7A4F7556}") = "bestTimeToSellStocks", "bestTimeToSellStocks.csproj", "{48C450ED-18D2-4788-A723-5AC5771F6C9D}"
EndProject
Global
	GlobalSection(SolutionConfigurationPlatforms) = preSolution
		Debug|Any CPU = Debug|Any CPU
		Release|Any CPU = Release|Any CPU
	EndGlobalSection
	GlobalSection(ProjectConfigurationPlatforms) = postSolution
		{48C450ED-18D2-4788-A723-5AC5771F6C9D}.Debug|Any CPU.ActiveCfg = Debug|Any CPU
		{48C450ED-18D2-4788-A723-5AC5771F6C9D}.Debug|Any CPU.Build.0 = Debug|Any CPU
		{48C450ED-18D2-4788-A723-5AC5771F6C9D}.Release|Any CPU.ActiveCfg = Release|Any CPU
		{48C450ED-18D2-4788-A723-5AC5771F6C9D}.Release|Any CPU.Build.0 = Release|Any CPU
	EndGlobalSection
	GlobalSection(SolutionProperties) = preSolution
		HideSolutionNode = FALSE
	EndGlobalSection
	GlobalSection(ExtensibilityGlobals) = postSolution
		SolutionGuid = {9F8DDF83-8EF4-42B4-8499-CFFF62152DE6}
	EndGlobalSection
EndGlobal
