
Microsoft Visual Studio Solution File, Format Version 12.00
# Visual Studio Version 17
VisualStudioVersion = 17.5.002.0
MinimumVisualStudioVersion = 10.0.40219.1
Project("{9A19103F-16F7-4668-BE54-9A1E7A4F7556}") = "validAnagram", "validAnagram.csproj", "{035B5003-6C1A-4362-88F3-596B33DE5084}"
EndProject
Global
	GlobalSection(SolutionConfigurationPlatforms) = preSolution
		Debug|Any CPU = Debug|Any CPU
		Release|Any CPU = Release|Any CPU
	EndGlobalSection
	GlobalSection(ProjectConfigurationPlatforms) = postSolution
		{035B5003-6C1A-4362-88F3-596B33DE5084}.Debug|Any CPU.ActiveCfg = Debug|Any CPU
		{035B5003-6C1A-4362-88F3-596B33DE5084}.Debug|Any CPU.Build.0 = Debug|Any CPU
		{035B5003-6C1A-4362-88F3-596B33DE5084}.Release|Any CPU.ActiveCfg = Release|Any CPU
		{035B5003-6C1A-4362-88F3-596B33DE5084}.Release|Any CPU.Build.0 = Release|Any CPU
	EndGlobalSection
	GlobalSection(SolutionProperties) = preSolution
		HideSolutionNode = FALSE
	EndGlobalSection
	GlobalSection(ExtensibilityGlobals) = postSolution
		SolutionGuid = {AA5A6EA7-23D9-422A-9C44-A029C0D28425}
	EndGlobalSection
EndGlobal
