
Microsoft Visual Studio Solution File, Format Version 12.00
# Visual Studio Version 17
VisualStudioVersion = 17.5.002.0
MinimumVisualStudioVersion = 10.0.40219.1
Project("{9A19103F-16F7-4668-BE54-9A1E7A4F7556}") = "groupAnagram", "groupAnagram.csproj", "{D8CAD7A9-2C51-4580-863F-8442D733A826}"
EndProject
Global
	GlobalSection(SolutionConfigurationPlatforms) = preSolution
		Debug|Any CPU = Debug|Any CPU
		Release|Any CPU = Release|Any CPU
	EndGlobalSection
	GlobalSection(ProjectConfigurationPlatforms) = postSolution
		{D8CAD7A9-2C51-4580-863F-8442D733A826}.Debug|Any CPU.ActiveCfg = Debug|Any CPU
		{D8CAD7A9-2C51-4580-863F-8442D733A826}.Debug|Any CPU.Build.0 = Debug|Any CPU
		{D8CAD7A9-2C51-4580-863F-8442D733A826}.Release|Any CPU.ActiveCfg = Release|Any CPU
		{D8CAD7A9-2C51-4580-863F-8442D733A826}.Release|Any CPU.Build.0 = Release|Any CPU
	EndGlobalSection
	GlobalSection(SolutionProperties) = preSolution
		HideSolutionNode = FALSE
	EndGlobalSection
	GlobalSection(ExtensibilityGlobals) = postSolution
		SolutionGuid = {D0D94C1E-6E3D-4D9F-840F-E9FFB0AF242D}
	EndGlobalSection
EndGlobal
