
Microsoft Visual Studio Solution File, Format Version 12.00
# Visual Studio Version 17
VisualStudioVersion = 17.5.002.0
MinimumVisualStudioVersion = 10.0.40219.1
Project("{9A19103F-16F7-4668-BE54-9A1E7A4F7556}") = "mergeSortedArrays", "mergeSortedArrays.csproj", "{BE3E2FEC-9B57-48D2-9F2B-D81AD3EA4159}"
EndProject
Global
	GlobalSection(SolutionConfigurationPlatforms) = preSolution
		Debug|Any CPU = Debug|Any CPU
		Release|Any CPU = Release|Any CPU
	EndGlobalSection
	GlobalSection(ProjectConfigurationPlatforms) = postSolution
		{BE3E2FEC-9B57-48D2-9F2B-D81AD3EA4159}.Debug|Any CPU.ActiveCfg = Debug|Any CPU
		{BE3E2FEC-9B57-48D2-9F2B-D81AD3EA4159}.Debug|Any CPU.Build.0 = Debug|Any CPU
		{BE3E2FEC-9B57-48D2-9F2B-D81AD3EA4159}.Release|Any CPU.ActiveCfg = Release|Any CPU
		{BE3E2FEC-9B57-48D2-9F2B-D81AD3EA4159}.Release|Any CPU.Build.0 = Release|Any CPU
	EndGlobalSection
	GlobalSection(SolutionProperties) = preSolution
		HideSolutionNode = FALSE
	EndGlobalSection
	GlobalSection(ExtensibilityGlobals) = postSolution
		SolutionGuid = {4D8AC94B-6155-49A7-B407-D702BA541ACE}
	EndGlobalSection
EndGlobal
