
Microsoft Visual Studio Solution File, Format Version 12.00
# Visual Studio Version 17
VisualStudioVersion = 17.5.002.0
MinimumVisualStudioVersion = 10.0.40219.1
Project("{9A19103F-16F7-4668-BE54-9A1E7A4F7556}") = "threeSum", "threeSum.csproj", "{64724062-A2CB-4425-A760-6AEEC01D2466}"
EndProject
Global
	GlobalSection(SolutionConfigurationPlatforms) = preSolution
		Debug|Any CPU = Debug|Any CPU
		Release|Any CPU = Release|Any CPU
	EndGlobalSection
	GlobalSection(ProjectConfigurationPlatforms) = postSolution
		{64724062-A2CB-4425-A760-6AEEC01D2466}.Debug|Any CPU.ActiveCfg = Debug|Any CPU
		{64724062-A2CB-4425-A760-6AEEC01D2466}.Debug|Any CPU.Build.0 = Debug|Any CPU
		{64724062-A2CB-4425-A760-6AEEC01D2466}.Release|Any CPU.ActiveCfg = Release|Any CPU
		{64724062-A2CB-4425-A760-6AEEC01D2466}.Release|Any CPU.Build.0 = Release|Any CPU
	EndGlobalSection
	GlobalSection(SolutionProperties) = preSolution
		HideSolutionNode = FALSE
	EndGlobalSection
	GlobalSection(ExtensibilityGlobals) = postSolution
		SolutionGuid = {2130ADEF-6A16-41BE-84BE-4D3B5AD998F1}
	EndGlobalSection
EndGlobal
